# This file is automatically @generated by Cargo.
# It is not intended for manual editing.
version = 3

[[package]]
name = "anyhow"
version = "1.0.98"
source = "registry+https://github.com/rust-lang/crates.io-index"
checksum = "e16d2d3311acee920a9eb8d33b8cbc1787ce4a264e85f964c2404b969bdcd487"

[[package]]
name = "memchr"
version = "2.7.5"
source = "registry+https://github.com/rust-lang/crates.io-index"
checksum = "32a282da65faaf38286cf3be983213fcf1d2e2a58700e808f83f4ea9a4804bc0"

[[package]]
name = "parser"
version = "0.1.0"
dependencies = [
 "anyhow",
 "quick-xml",
]

[[package]]
name = "quick-xml"
version = "0.38.0"
source = "registry+https://github.com/rust-lang/crates.io-index"
checksum = "8927b0664f5c5a98265138b7e3f90aa19a6b21353182469ace36d4ac527b7b1b"
dependencies = [
 "memchr",
]
